
Microsoft Visual Studio Solution File, Format Version 12.00
# Visual Studio Version 17
VisualStudioVersion = 17.0.32112.339
MinimumVisualStudioVersion = 10.0.40219.1
Project("{9A19103F-16F7-4668-BE54-9A1E7A4F7556}") = "HajUsput!", "HajUsput!.csproj", "{289163CC-EA28-40EE-A6BD-0E7DB3CE5613}"
EndProject
Project("{9A19103F-16F7-4668-BE54-9A1E7A4F7556}") = "hajUsput.Services", "..\hajUsput.services\hajUsput.Services.csproj", "{D02EFB37-5C7E-4166-80B9-60A3CD810D3D}"
EndProject
Project("{9A19103F-16F7-4668-BE54-9A1E7A4F7556}") = "hajUsput.Model", "..\hajUsput.Model\hajUsput.Model.csproj", "{9A49A0F2-CC16-48A9-B222-6F6366D75309}"
	ProjectSection(ProjectDependencies) = postProject
		{0C2DFDB7-C292-44B8-BF22-96190A112A10} = {0C2DFDB7-C292-44B8-BF22-96190A112A10}
	EndProjectSection
EndProject
Project("{9A19103F-16F7-4668-BE54-9A1E7A4F7556}") = "hajUsput.Subscriber", "..\hajUsput.Subscriber\hajUsput.Subscriber.csproj", "{97B8FDC0-A55B-4E9C-8D84-BF197B9EEED4}"
EndProject
Project("{9A19103F-16F7-4668-BE54-9A1E7A4F7556}") = "hajUsput.ML", "..\hajUsput.ML\hajUsput.ML.csproj", "{0C2DFDB7-C292-44B8-BF22-96190A112A10}"
EndProject
Global
	GlobalSection(SolutionConfigurationPlatforms) = preSolution
		Debug|Any CPU = Debug|Any CPU
		Release|Any CPU = Release|Any CPU
	EndGlobalSection
	GlobalSection(ProjectConfigurationPlatforms) = postSolution
		{289163CC-EA28-40EE-A6BD-0E7DB3CE5613}.Debug|Any CPU.ActiveCfg = Debug|Any CPU
		{289163CC-EA28-40EE-A6BD-0E7DB3CE5613}.Debug|Any CPU.Build.0 = Debug|Any CPU
		{289163CC-EA28-40EE-A6BD-0E7DB3CE5613}.Release|Any CPU.ActiveCfg = Release|Any CPU
		{289163CC-EA28-40EE-A6BD-0E7DB3CE5613}.Release|Any CPU.Build.0 = Release|Any CPU
		{D02EFB37-5C7E-4166-80B9-60A3CD810D3D}.Debug|Any CPU.ActiveCfg = Debug|Any CPU
		{D02EFB37-5C7E-4166-80B9-60A3CD810D3D}.Debug|Any CPU.Build.0 = Debug|Any CPU
		{D02EFB37-5C7E-4166-80B9-60A3CD810D3D}.Release|Any CPU.ActiveCfg = Release|Any CPU
		{D02EFB37-5C7E-4166-80B9-60A3CD810D3D}.Release|Any CPU.Build.0 = Release|Any CPU
		{9A49A0F2-CC16-48A9-B222-6F6366D75309}.Debug|Any CPU.ActiveCfg = Debug|Any CPU
		{9A49A0F2-CC16-48A9-B222-6F6366D75309}.Debug|Any CPU.Build.0 = Debug|Any CPU
		{9A49A0F2-CC16-48A9-B222-6F6366D75309}.Release|Any CPU.ActiveCfg = Release|Any CPU
		{9A49A0F2-CC16-48A9-B222-6F6366D75309}.Release|Any CPU.Build.0 = Release|Any CPU
		{97B8FDC0-A55B-4E9C-8D84-BF197B9EEED4}.Debug|Any CPU.ActiveCfg = Debug|Any CPU
		{97B8FDC0-A55B-4E9C-8D84-BF197B9EEED4}.Debug|Any CPU.Build.0 = Debug|Any CPU
		{97B8FDC0-A55B-4E9C-8D84-BF197B9EEED4}.Release|Any CPU.ActiveCfg = Release|Any CPU
		{97B8FDC0-A55B-4E9C-8D84-BF197B9EEED4}.Release|Any CPU.Build.0 = Release|Any CPU
		{0C2DFDB7-C292-44B8-BF22-96190A112A10}.Debug|Any CPU.ActiveCfg = Debug|Any CPU
		{0C2DFDB7-C292-44B8-BF22-96190A112A10}.Debug|Any CPU.Build.0 = Debug|Any CPU
		{0C2DFDB7-C292-44B8-BF22-96190A112A10}.Release|Any CPU.ActiveCfg = Release|Any CPU
		{0C2DFDB7-C292-44B8-BF22-96190A112A10}.Release|Any CPU.Build.0 = Release|Any CPU
	EndGlobalSection
	GlobalSection(SolutionProperties) = preSolution
		HideSolutionNode = FALSE
	EndGlobalSection
	GlobalSection(ExtensibilityGlobals) = postSolution
		SolutionGuid = {B6658EF4-5D8A-4BBA-8CDE-EA05B0749905}
	EndGlobalSection
EndGlobal
